Microsoft Visual Studio Solution File, Format Version 8.00
Project("{8BC9CEB8-8B4A-11D0-8D11-00A0C91BC942}") = "demonel", "demonel_8.vcproj", "{B2E73425-567B-4776-AAEA-999F027DA343}"
	ProjectSection(ProjectDependencies) = postProject
		{940F1501-1D77-4C54-A467-9698D68E91E4} = {940F1501-1D77-4C54-A467-9698D68E91E4}
		{5EF25901-C56D-42D6-A1B1-5F2A710592C2} = {5EF25901-C56D-42D6-A1B1-5F2A710592C2}
		{88CA6D0E-5F23-478F-8334-0427817FFB18} = {88CA6D0E-5F23-478F-8334-0427817FFB18}
		{D8226A28-4C49-4D17-B229-198B6906F785} = {D8226A28-4C49-4D17-B229-198B6906F785}
		{9D479638-66E6-40C1-8236-1CD322D8EAC3} = {9D479638-66E6-40C1-8236-1CD322D8EAC3}
	EndProjectSection
EndProject
Project("{8BC9CEB8-8B4A-11D0-8D11-00A0C91BC942}") = "3d", "..\..\..\code\nel\src\3d_8.vcproj", "{88CA6D0E-5F23-478F-8334-0427817FFB18}"
	ProjectSection(ProjectDependencies) = postProject
	EndProjectSection
EndProject
Project("{8BC9CEB8-8B4A-11D0-8D11-00A0C91BC942}") = "misc", "..\..\..\code\nel\src\misc_8.vcproj", "{940F1501-1D77-4C54-A467-9698D68E91E4}"
	ProjectSection(ProjectDependencies) = postProject
	EndProjectSection
EndProject
Project("{8BC9CEB8-8B4A-11D0-8D11-00A0C91BC942}") = "driver_opengl", "..\..\..\code\nel\src\3d\driver\opengl\driver_opengl_8.vcproj", "{D8226A28-4C49-4D17-B229-198B6906F785}"
	ProjectSection(ProjectDependencies) = postProject
		{940F1501-1D77-4C54-A467-9698D68E91E4} = {940F1501-1D77-4C54-A467-9698D68E91E4}
		{88CA6D0E-5F23-478F-8334-0427817FFB18} = {88CA6D0E-5F23-478F-8334-0427817FFB18}
	EndProjectSection
EndProject
Project("{8BC9CEB8-8B4A-11D0-8D11-00A0C91BC942}") = "driver_direct3d", "..\..\..\code\nel\src\3d\driver\direct3d\driver_direct3d_8.vcproj", "{5EF25901-C56D-42D6-A1B1-5F2A710592C2}"
	ProjectSection(ProjectDependencies) = postProject
		{940F1501-1D77-4C54-A467-9698D68E91E4} = {940F1501-1D77-4C54-A467-9698D68E91E4}
		{88CA6D0E-5F23-478F-8334-0427817FFB18} = {88CA6D0E-5F23-478F-8334-0427817FFB18}
	EndProjectSection
EndProject
Project("{8BC9CEB8-8B4A-11D0-8D11-00A0C91BC942}") = "NeLRenderer", "..\..\..\cegui_mk2\makefiles\win32\VC++8.0\Renderers\NeLRenderer\NeLRenderer.vcproj", "{9D479638-66E6-40C1-8236-1CD322D8EAC3}"
	ProjectSection(ProjectDependencies) = postProject
	EndProjectSection
EndProject
Global
	GlobalSection(SolutionConfiguration) = preSolution
		Debug = Debug
		DebugFast = DebugFast
		Release = Release
		ReleaseDebug = ReleaseDebug
	EndGlobalSection
	GlobalSection(ProjectConfiguration) = postSolution
		{B2E73425-567B-4776-AAEA-999F027DA343}.Debug.ActiveCfg = Debug|Win32
		{B2E73425-567B-4776-AAEA-999F027DA343}.Debug.Build.0 = Debug|Win32
		{B2E73425-567B-4776-AAEA-999F027DA343}.DebugFast.ActiveCfg = Debug|Win32
		{B2E73425-567B-4776-AAEA-999F027DA343}.DebugFast.Build.0 = Debug|Win32
		{B2E73425-567B-4776-AAEA-999F027DA343}.Release.ActiveCfg = Release|Win32
		{B2E73425-567B-4776-AAEA-999F027DA343}.Release.Build.0 = Release|Win32
		{B2E73425-567B-4776-AAEA-999F027DA343}.ReleaseDebug.ActiveCfg = Release|Win32
		{B2E73425-567B-4776-AAEA-999F027DA343}.ReleaseDebug.Build.0 = Release|Win32
		{88CA6D0E-5F23-478F-8334-0427817FFB18}.Debug.ActiveCfg = Debug|Win32
		{88CA6D0E-5F23-478F-8334-0427817FFB18}.Debug.Build.0 = Debug|Win32
		{88CA6D0E-5F23-478F-8334-0427817FFB18}.DebugFast.ActiveCfg = DebugFast|Win32
		{88CA6D0E-5F23-478F-8334-0427817FFB18}.DebugFast.Build.0 = DebugFast|Win32
		{88CA6D0E-5F23-478F-8334-0427817FFB18}.Release.ActiveCfg = Release|Win32
		{88CA6D0E-5F23-478F-8334-0427817FFB18}.Release.Build.0 = Release|Win32
		{88CA6D0E-5F23-478F-8334-0427817FFB18}.ReleaseDebug.ActiveCfg = ReleaseDebug|Win32
		{88CA6D0E-5F23-478F-8334-0427817FFB18}.ReleaseDebug.Build.0 = ReleaseDebug|Win32
		{940F1501-1D77-4C54-A467-9698D68E91E4}.Debug.ActiveCfg = Debug|Win32
		{940F1501-1D77-4C54-A467-9698D68E91E4}.Debug.Build.0 = Debug|Win32
		{940F1501-1D77-4C54-A467-9698D68E91E4}.DebugFast.ActiveCfg = DebugFast|Win32
		{940F1501-1D77-4C54-A467-9698D68E91E4}.DebugFast.Build.0 = DebugFast|Win32
		{940F1501-1D77-4C54-A467-9698D68E91E4}.Release.ActiveCfg = Release|Win32
		{940F1501-1D77-4C54-A467-9698D68E91E4}.Release.Build.0 = Release|Win32
		{940F1501-1D77-4C54-A467-9698D68E91E4}.ReleaseDebug.ActiveCfg = ReleaseDebug|Win32
		{940F1501-1D77-4C54-A467-9698D68E91E4}.ReleaseDebug.Build.0 = ReleaseDebug|Win32
		{D8226A28-4C49-4D17-B229-198B6906F785}.Debug.ActiveCfg = Debug|Win32
		{D8226A28-4C49-4D17-B229-198B6906F785}.Debug.Build.0 = Debug|Win32
		{D8226A28-4C49-4D17-B229-198B6906F785}.DebugFast.ActiveCfg = DebugFast|Win32
		{D8226A28-4C49-4D17-B229-198B6906F785}.DebugFast.Build.0 = DebugFast|Win32
		{D8226A28-4C49-4D17-B229-198B6906F785}.Release.ActiveCfg = Release|Win32
		{D8226A28-4C49-4D17-B229-198B6906F785}.Release.Build.0 = Release|Win32
		{D8226A28-4C49-4D17-B229-198B6906F785}.ReleaseDebug.ActiveCfg = ReleaseDebug|Win32
		{D8226A28-4C49-4D17-B229-198B6906F785}.ReleaseDebug.Build.0 = ReleaseDebug|Win32
		{5EF25901-C56D-42D6-A1B1-5F2A710592C2}.Debug.ActiveCfg = Debug|Win32
		{5EF25901-C56D-42D6-A1B1-5F2A710592C2}.Debug.Build.0 = Debug|Win32
		{5EF25901-C56D-42D6-A1B1-5F2A710592C2}.DebugFast.ActiveCfg = DebugFast|Win32
		{5EF25901-C56D-42D6-A1B1-5F2A710592C2}.DebugFast.Build.0 = DebugFast|Win32
		{5EF25901-C56D-42D6-A1B1-5F2A710592C2}.Release.ActiveCfg = Release|Win32
		{5EF25901-C56D-42D6-A1B1-5F2A710592C2}.Release.Build.0 = Release|Win32
		{5EF25901-C56D-42D6-A1B1-5F2A710592C2}.ReleaseDebug.ActiveCfg = ReleaseDebug|Win32
		{5EF25901-C56D-42D6-A1B1-5F2A710592C2}.ReleaseDebug.Build.0 = ReleaseDebug|Win32
		{9D479638-66E6-40C1-8236-1CD322D8EAC3}.Debug.ActiveCfg = Debug|Win32
		{9D479638-66E6-40C1-8236-1CD322D8EAC3}.Debug.Build.0 = Debug|Win32
		{9D479638-66E6-40C1-8236-1CD322D8EAC3}.DebugFast.ActiveCfg = Debug|Win32
		{9D479638-66E6-40C1-8236-1CD322D8EAC3}.DebugFast.Build.0 = Debug|Win32
		{9D479638-66E6-40C1-8236-1CD322D8EAC3}.Release.ActiveCfg = Release|Win32
		{9D479638-66E6-40C1-8236-1CD322D8EAC3}.Release.Build.0 = Release|Win32
		{9D479638-66E6-40C1-8236-1CD322D8EAC3}.ReleaseDebug.ActiveCfg = Release|Win32
		{9D479638-66E6-40C1-8236-1CD322D8EAC3}.ReleaseDebug.Build.0 = Release|Win32
	EndGlobalSection
	GlobalSection(ExtensibilityGlobals) = postSolution
	EndGlobalSection
	GlobalSection(ExtensibilityAddIns) = postSolution
	EndGlobalSection
EndGlobal
