Microsoft Visual Studio Solution File, Format Version 8.00
Project("{8BC9CEB8-8B4A-11D0-8D11-00A0C91BC942}") = "client", "client\Client.vcproj", "{B037CDAD-8A71-42E2-8D39-680FECFCE729}"
	ProjectSection(ProjectDependencies) = postProject
		{44B21233-EFCC-4825-B5E5-3A3BD6CC5516} = {44B21233-EFCC-4825-B5E5-3A3BD6CC5516}
		{1AD4E754-28E2-4CC5-9DE2-39FED28968E9} = {1AD4E754-28E2-4CC5-9DE2-39FED28968E9}
		{D6D97977-3610-40EE-AD46-41DD758DE7EB} = {D6D97977-3610-40EE-AD46-41DD758DE7EB}
		{2B48BE83-108B-4E8E-8A55-6627CF09AC5A} = {2B48BE83-108B-4E8E-8A55-6627CF09AC5A}
		{F7DCD49B-CF88-4DAF-89B9-1E9E305ABCC9} = {F7DCD49B-CF88-4DAF-89B9-1E9E305ABCC9}
		{EDB369A3-D7A4-4593-982C-96DEF4F9D485} = {EDB369A3-D7A4-4593-982C-96DEF4F9D485}
		{67AF56A4-A228-4BFB-BDA8-026CBEDE8BF9} = {67AF56A4-A228-4BFB-BDA8-026CBEDE8BF9}
		{A24858AF-8B79-4391-ACF3-2E7A2B630BD1} = {A24858AF-8B79-4391-ACF3-2E7A2B630BD1}
		{AE9529CA-CA90-44D0-ADDA-6B26CD945FFF} = {AE9529CA-CA90-44D0-ADDA-6B26CD945FFF}
		{677BC1CC-16C7-42A5-AF83-0EECC0120797} = {677BC1CC-16C7-42A5-AF83-0EECC0120797}
		{D430A4D6-9DCF-4252-B9D3-20EE5C2650A5} = {D430A4D6-9DCF-4252-B9D3-20EE5C2650A5}
		{1D9576F6-3321-4036-8C86-B5361CCCD4FB} = {1D9576F6-3321-4036-8C86-B5361CCCD4FB}
	EndProjectSection
EndProject
Project("{8BC9CEB8-8B4A-11D0-8D11-00A0C91BC942}") = "service_login", "server\login_service\login_service.vcproj", "{EABF5CDB-6C86-41D3-BBE6-73C86704FD75}"
	ProjectSection(ProjectDependencies) = postProject
		{44B21233-EFCC-4825-B5E5-3A3BD6CC5516} = {44B21233-EFCC-4825-B5E5-3A3BD6CC5516}
		{67AF56A4-A228-4BFB-BDA8-026CBEDE8BF9} = {67AF56A4-A228-4BFB-BDA8-026CBEDE8BF9}
	EndProjectSection
EndProject
Project("{8BC9CEB8-8B4A-11D0-8D11-00A0C91BC942}") = "service_frontend", "server\service_frontend\service_frontend.vcproj", "{E0076EF4-3060-4696-95C1-0163642F9C12}"
	ProjectSection(ProjectDependencies) = postProject
		{44B21233-EFCC-4825-B5E5-3A3BD6CC5516} = {44B21233-EFCC-4825-B5E5-3A3BD6CC5516}
		{D6D97977-3610-40EE-AD46-41DD758DE7EB} = {D6D97977-3610-40EE-AD46-41DD758DE7EB}
		{67AF56A4-A228-4BFB-BDA8-026CBEDE8BF9} = {67AF56A4-A228-4BFB-BDA8-026CBEDE8BF9}
		{677BC1CC-16C7-42A5-AF83-0EECC0120797} = {677BC1CC-16C7-42A5-AF83-0EECC0120797}
	EndProjectSection
EndProject
Project("{8BC9CEB8-8B4A-11D0-8D11-00A0C91BC942}") = "service_welcome", "server\service_simple\service_simple.vcproj", "{47B645F1-C78C-4F72-9A4A-AA923B390D54}"
	ProjectSection(ProjectDependencies) = postProject
		{44B21233-EFCC-4825-B5E5-3A3BD6CC5516} = {44B21233-EFCC-4825-B5E5-3A3BD6CC5516}
		{67AF56A4-A228-4BFB-BDA8-026CBEDE8BF9} = {67AF56A4-A228-4BFB-BDA8-026CBEDE8BF9}
	EndProjectSection
EndProject
Project("{8BC9CEB8-8B4A-11D0-8D11-00A0C91BC942}") = "3d", "..\..\code\nel\src\3d.vcproj", "{2B48BE83-108B-4E8E-8A55-6627CF09AC5A}"
	ProjectSection(ProjectDependencies) = postProject
	EndProjectSection
EndProject
Project("{8BC9CEB8-8B4A-11D0-8D11-00A0C91BC942}") = "georges", "..\..\code\nel\src\georges.vcproj", "{D430A4D6-9DCF-4252-B9D3-20EE5C2650A5}"
	ProjectSection(ProjectDependencies) = postProject
	EndProjectSection
EndProject
Project("{8BC9CEB8-8B4A-11D0-8D11-00A0C91BC942}") = "misc", "..\..\code\nel\src\misc.vcproj", "{44B21233-EFCC-4825-B5E5-3A3BD6CC5516}"
	ProjectSection(ProjectDependencies) = postProject
	EndProjectSection
EndProject
Project("{8BC9CEB8-8B4A-11D0-8D11-00A0C91BC942}") = "net", "..\..\code\nel\src\net.vcproj", "{67AF56A4-A228-4BFB-BDA8-026CBEDE8BF9}"
	ProjectSection(ProjectDependencies) = postProject
		{44B21233-EFCC-4825-B5E5-3A3BD6CC5516} = {44B21233-EFCC-4825-B5E5-3A3BD6CC5516}
	EndProjectSection
EndProject
Project("{8BC9CEB8-8B4A-11D0-8D11-00A0C91BC942}") = "pacs", "..\..\code\nel\src\pacs.vcproj", "{D6D97977-3610-40EE-AD46-41DD758DE7EB}"
	ProjectSection(ProjectDependencies) = postProject
		{44B21233-EFCC-4825-B5E5-3A3BD6CC5516} = {44B21233-EFCC-4825-B5E5-3A3BD6CC5516}
	EndProjectSection
EndProject
Project("{8BC9CEB8-8B4A-11D0-8D11-00A0C91BC942}") = "sound", "..\..\code\nel\src\sound.vcproj", "{EDB369A3-D7A4-4593-982C-96DEF4F9D485}"
	ProjectSection(ProjectDependencies) = postProject
	EndProjectSection
EndProject
Project("{8BC9CEB8-8B4A-11D0-8D11-00A0C91BC942}") = "driver_direct3d", "..\..\code\nel\src\3d\driver\direct3d\driver_direct3d.vcproj", "{A24858AF-8B79-4391-ACF3-2E7A2B630BD1}"
	ProjectSection(ProjectDependencies) = postProject
		{44B21233-EFCC-4825-B5E5-3A3BD6CC5516} = {44B21233-EFCC-4825-B5E5-3A3BD6CC5516}
		{2B48BE83-108B-4E8E-8A55-6627CF09AC5A} = {2B48BE83-108B-4E8E-8A55-6627CF09AC5A}
	EndProjectSection
EndProject
Project("{8BC9CEB8-8B4A-11D0-8D11-00A0C91BC942}") = "driver_opengl", "..\..\code\nel\src\3d\driver\opengl\driver_opengl.vcproj", "{1D9576F6-3321-4036-8C86-B5361CCCD4FB}"
	ProjectSection(ProjectDependencies) = postProject
		{44B21233-EFCC-4825-B5E5-3A3BD6CC5516} = {44B21233-EFCC-4825-B5E5-3A3BD6CC5516}
		{2B48BE83-108B-4E8E-8A55-6627CF09AC5A} = {2B48BE83-108B-4E8E-8A55-6627CF09AC5A}
	EndProjectSection
EndProject
Project("{8BC9CEB8-8B4A-11D0-8D11-00A0C91BC942}") = "sound_lowlevel", "..\..\code\nel\src\sound\driver\sound_lowlevel.vcproj", "{AE9529CA-CA90-44D0-ADDA-6B26CD945FFF}"
	ProjectSection(ProjectDependencies) = postProject
	EndProjectSection
EndProject
Project("{8BC9CEB8-8B4A-11D0-8D11-00A0C91BC942}") = "driver_fmod", "..\..\code\nel\src\sound\driver\fmod\driver_fmod.vcproj", "{1AD4E754-28E2-4CC5-9DE2-39FED28968E9}"
	ProjectSection(ProjectDependencies) = postProject
		{44B21233-EFCC-4825-B5E5-3A3BD6CC5516} = {44B21233-EFCC-4825-B5E5-3A3BD6CC5516}
		{AE9529CA-CA90-44D0-ADDA-6B26CD945FFF} = {AE9529CA-CA90-44D0-ADDA-6B26CD945FFF}
	EndProjectSection
EndProject
Project("{8BC9CEB8-8B4A-11D0-8D11-00A0C91BC942}") = "driver_dsound", "..\..\code\nel\src\sound\driver\dsound\driver_dsound.vcproj", "{F7DCD49B-CF88-4DAF-89B9-1E9E305ABCC9}"
	ProjectSection(ProjectDependencies) = postProject
		{44B21233-EFCC-4825-B5E5-3A3BD6CC5516} = {44B21233-EFCC-4825-B5E5-3A3BD6CC5516}
		{AE9529CA-CA90-44D0-ADDA-6B26CD945FFF} = {AE9529CA-CA90-44D0-ADDA-6B26CD945FFF}
	EndProjectSection
EndProject
Project("{8BC9CEB8-8B4A-11D0-8D11-00A0C91BC942}") = "wwcommon", "common\wwcommon.vcproj", "{677BC1CC-16C7-42A5-AF83-0EECC0120797}"
	ProjectSection(ProjectDependencies) = postProject
		{44B21233-EFCC-4825-B5E5-3A3BD6CC5516} = {44B21233-EFCC-4825-B5E5-3A3BD6CC5516}
	EndProjectSection
EndProject
Project("{8BC9CEB8-8B4A-11D0-8D11-00A0C91BC942}") = "wwscript", "wwscript\wwscript.vcproj", "{948310FC-432E-4BDA-B874-F37807FCDFCE}"
	ProjectSection(ProjectDependencies) = postProject
		{44B21233-EFCC-4825-B5E5-3A3BD6CC5516} = {44B21233-EFCC-4825-B5E5-3A3BD6CC5516}
		{D430A4D6-9DCF-4252-B9D3-20EE5C2650A5} = {D430A4D6-9DCF-4252-B9D3-20EE5C2650A5}
	EndProjectSection
EndProject
Project("{8BC9CEB8-8B4A-11D0-8D11-00A0C91BC942}") = "NeLRenderer", "cegui\makefiles\win32\VC++7.1\Renderers\NeLRenderer\NeLRenderer.vcproj", "{9D479638-66E6-40C1-8236-1CD322D8EAC3}"
	ProjectSection(ProjectDependencies) = postProject
	EndProjectSection
EndProject
Project("{8BC9CEB8-8B4A-11D0-8D11-00A0C91BC942}") = "ScriptEngineTest", "..\scratchpad\mattr\ScriptEngineTest\ScriptEngineTest.vcproj", "{5E0B5AF1-395B-429C-8878-5836C25F8D8A}"
	ProjectSection(ProjectDependencies) = postProject
		{44B21233-EFCC-4825-B5E5-3A3BD6CC5516} = {44B21233-EFCC-4825-B5E5-3A3BD6CC5516}
		{948310FC-432E-4BDA-B874-F37807FCDFCE} = {948310FC-432E-4BDA-B874-F37807FCDFCE}
	EndProjectSection
EndProject
Global
	GlobalSection(SolutionConfiguration) = preSolution
		Debug = Debug
		DebugFast = DebugFast
		Release = Release
		ReleaseDebug = ReleaseDebug
	EndGlobalSection
	GlobalSection(ProjectConfiguration) = postSolution
		{B037CDAD-8A71-42E2-8D39-680FECFCE729}.Debug.ActiveCfg = Debug|Win32
		{B037CDAD-8A71-42E2-8D39-680FECFCE729}.Debug.Build.0 = Debug|Win32
		{B037CDAD-8A71-42E2-8D39-680FECFCE729}.DebugFast.ActiveCfg = Debug|Win32
		{B037CDAD-8A71-42E2-8D39-680FECFCE729}.DebugFast.Build.0 = Debug|Win32
		{B037CDAD-8A71-42E2-8D39-680FECFCE729}.Release.ActiveCfg = Release|Win32
		{B037CDAD-8A71-42E2-8D39-680FECFCE729}.Release.Build.0 = Release|Win32
		{B037CDAD-8A71-42E2-8D39-680FECFCE729}.ReleaseDebug.ActiveCfg = ReleaseDebug|Win32
		{B037CDAD-8A71-42E2-8D39-680FECFCE729}.ReleaseDebug.Build.0 = ReleaseDebug|Win32
		{EABF5CDB-6C86-41D3-BBE6-73C86704FD75}.Debug.ActiveCfg = Debug|Win32
		{EABF5CDB-6C86-41D3-BBE6-73C86704FD75}.Debug.Build.0 = Debug|Win32
		{EABF5CDB-6C86-41D3-BBE6-73C86704FD75}.DebugFast.ActiveCfg = Debug|Win32
		{EABF5CDB-6C86-41D3-BBE6-73C86704FD75}.DebugFast.Build.0 = Debug|Win32
		{EABF5CDB-6C86-41D3-BBE6-73C86704FD75}.Release.ActiveCfg = Release|Win32
		{EABF5CDB-6C86-41D3-BBE6-73C86704FD75}.Release.Build.0 = Release|Win32
		{EABF5CDB-6C86-41D3-BBE6-73C86704FD75}.ReleaseDebug.ActiveCfg = ReleaseDebug|Win32
		{EABF5CDB-6C86-41D3-BBE6-73C86704FD75}.ReleaseDebug.Build.0 = ReleaseDebug|Win32
		{E0076EF4-3060-4696-95C1-0163642F9C12}.Debug.ActiveCfg = Debug|Win32
		{E0076EF4-3060-4696-95C1-0163642F9C12}.Debug.Build.0 = Debug|Win32
		{E0076EF4-3060-4696-95C1-0163642F9C12}.DebugFast.ActiveCfg = Debug|Win32
		{E0076EF4-3060-4696-95C1-0163642F9C12}.DebugFast.Build.0 = Debug|Win32
		{E0076EF4-3060-4696-95C1-0163642F9C12}.Release.ActiveCfg = Release|Win32
		{E0076EF4-3060-4696-95C1-0163642F9C12}.Release.Build.0 = Release|Win32
		{E0076EF4-3060-4696-95C1-0163642F9C12}.ReleaseDebug.ActiveCfg = ReleaseDebug|Win32
		{E0076EF4-3060-4696-95C1-0163642F9C12}.ReleaseDebug.Build.0 = ReleaseDebug|Win32
		{47B645F1-C78C-4F72-9A4A-AA923B390D54}.Debug.ActiveCfg = Debug|Win32
		{47B645F1-C78C-4F72-9A4A-AA923B390D54}.Debug.Build.0 = Debug|Win32
		{47B645F1-C78C-4F72-9A4A-AA923B390D54}.DebugFast.ActiveCfg = Debug|Win32
		{47B645F1-C78C-4F72-9A4A-AA923B390D54}.DebugFast.Build.0 = Debug|Win32
		{47B645F1-C78C-4F72-9A4A-AA923B390D54}.Release.ActiveCfg = Release|Win32
		{47B645F1-C78C-4F72-9A4A-AA923B390D54}.Release.Build.0 = Release|Win32
		{47B645F1-C78C-4F72-9A4A-AA923B390D54}.ReleaseDebug.ActiveCfg = ReleaseDebug|Win32
		{47B645F1-C78C-4F72-9A4A-AA923B390D54}.ReleaseDebug.Build.0 = ReleaseDebug|Win32
		{2B48BE83-108B-4E8E-8A55-6627CF09AC5A}.Debug.ActiveCfg = Debug|Win32
		{2B48BE83-108B-4E8E-8A55-6627CF09AC5A}.Debug.Build.0 = Debug|Win32
		{2B48BE83-108B-4E8E-8A55-6627CF09AC5A}.DebugFast.ActiveCfg = DebugFast|Win32
		{2B48BE83-108B-4E8E-8A55-6627CF09AC5A}.DebugFast.Build.0 = DebugFast|Win32
		{2B48BE83-108B-4E8E-8A55-6627CF09AC5A}.Release.ActiveCfg = Release|Win32
		{2B48BE83-108B-4E8E-8A55-6627CF09AC5A}.Release.Build.0 = Release|Win32
		{2B48BE83-108B-4E8E-8A55-6627CF09AC5A}.ReleaseDebug.ActiveCfg = ReleaseDebug|Win32
		{2B48BE83-108B-4E8E-8A55-6627CF09AC5A}.ReleaseDebug.Build.0 = ReleaseDebug|Win32
		{D430A4D6-9DCF-4252-B9D3-20EE5C2650A5}.Debug.ActiveCfg = Debug|Win32
		{D430A4D6-9DCF-4252-B9D3-20EE5C2650A5}.Debug.Build.0 = Debug|Win32
		{D430A4D6-9DCF-4252-B9D3-20EE5C2650A5}.DebugFast.ActiveCfg = DebugFast|Win32
		{D430A4D6-9DCF-4252-B9D3-20EE5C2650A5}.DebugFast.Build.0 = DebugFast|Win32
		{D430A4D6-9DCF-4252-B9D3-20EE5C2650A5}.Release.ActiveCfg = Release|Win32
		{D430A4D6-9DCF-4252-B9D3-20EE5C2650A5}.Release.Build.0 = Release|Win32
		{D430A4D6-9DCF-4252-B9D3-20EE5C2650A5}.ReleaseDebug.ActiveCfg = ReleaseDebug|Win32
		{D430A4D6-9DCF-4252-B9D3-20EE5C2650A5}.ReleaseDebug.Build.0 = ReleaseDebug|Win32
		{44B21233-EFCC-4825-B5E5-3A3BD6CC5516}.Debug.ActiveCfg = Debug|Win32
		{44B21233-EFCC-4825-B5E5-3A3BD6CC5516}.Debug.Build.0 = Debug|Win32
		{44B21233-EFCC-4825-B5E5-3A3BD6CC5516}.DebugFast.ActiveCfg = DebugFast|Win32
		{44B21233-EFCC-4825-B5E5-3A3BD6CC5516}.DebugFast.Build.0 = DebugFast|Win32
		{44B21233-EFCC-4825-B5E5-3A3BD6CC5516}.Release.ActiveCfg = Release|Win32
		{44B21233-EFCC-4825-B5E5-3A3BD6CC5516}.Release.Build.0 = Release|Win32
		{44B21233-EFCC-4825-B5E5-3A3BD6CC5516}.ReleaseDebug.ActiveCfg = ReleaseDebug|Win32
		{44B21233-EFCC-4825-B5E5-3A3BD6CC5516}.ReleaseDebug.Build.0 = ReleaseDebug|Win32
		{67AF56A4-A228-4BFB-BDA8-026CBEDE8BF9}.Debug.ActiveCfg = Debug|Win32
		{67AF56A4-A228-4BFB-BDA8-026CBEDE8BF9}.Debug.Build.0 = Debug|Win32
		{67AF56A4-A228-4BFB-BDA8-026CBEDE8BF9}.DebugFast.ActiveCfg = DebugFast|Win32
		{67AF56A4-A228-4BFB-BDA8-026CBEDE8BF9}.DebugFast.Build.0 = DebugFast|Win32
		{67AF56A4-A228-4BFB-BDA8-026CBEDE8BF9}.Release.ActiveCfg = Release|Win32
		{67AF56A4-A228-4BFB-BDA8-026CBEDE8BF9}.Release.Build.0 = Release|Win32
		{67AF56A4-A228-4BFB-BDA8-026CBEDE8BF9}.ReleaseDebug.ActiveCfg = ReleaseDebug|Win32
		{67AF56A4-A228-4BFB-BDA8-026CBEDE8BF9}.ReleaseDebug.Build.0 = ReleaseDebug|Win32
		{D6D97977-3610-40EE-AD46-41DD758DE7EB}.Debug.ActiveCfg = Debug|Win32
		{D6D97977-3610-40EE-AD46-41DD758DE7EB}.Debug.Build.0 = Debug|Win32
		{D6D97977-3610-40EE-AD46-41DD758DE7EB}.DebugFast.ActiveCfg = DebugFast|Win32
		{D6D97977-3610-40EE-AD46-41DD758DE7EB}.DebugFast.Build.0 = DebugFast|Win32
		{D6D97977-3610-40EE-AD46-41DD758DE7EB}.Release.ActiveCfg = Release|Win32
		{D6D97977-3610-40EE-AD46-41DD758DE7EB}.Release.Build.0 = Release|Win32
		{D6D97977-3610-40EE-AD46-41DD758DE7EB}.ReleaseDebug.ActiveCfg = ReleaseDebug|Win32
		{D6D97977-3610-40EE-AD46-41DD758DE7EB}.ReleaseDebug.Build.0 = ReleaseDebug|Win32
		{EDB369A3-D7A4-4593-982C-96DEF4F9D485}.Debug.ActiveCfg = Debug|Win32
		{EDB369A3-D7A4-4593-982C-96DEF4F9D485}.Debug.Build.0 = Debug|Win32
		{EDB369A3-D7A4-4593-982C-96DEF4F9D485}.DebugFast.ActiveCfg = DebugFast|Win32
		{EDB369A3-D7A4-4593-982C-96DEF4F9D485}.DebugFast.Build.0 = DebugFast|Win32
		{EDB369A3-D7A4-4593-982C-96DEF4F9D485}.Release.ActiveCfg = Release|Win32
		{EDB369A3-D7A4-4593-982C-96DEF4F9D485}.Release.Build.0 = Release|Win32
		{EDB369A3-D7A4-4593-982C-96DEF4F9D485}.ReleaseDebug.ActiveCfg = ReleaseDebug|Win32
		{EDB369A3-D7A4-4593-982C-96DEF4F9D485}.ReleaseDebug.Build.0 = ReleaseDebug|Win32
		{A24858AF-8B79-4391-ACF3-2E7A2B630BD1}.Debug.ActiveCfg = Debug|Win32
		{A24858AF-8B79-4391-ACF3-2E7A2B630BD1}.Debug.Build.0 = Debug|Win32
		{A24858AF-8B79-4391-ACF3-2E7A2B630BD1}.DebugFast.ActiveCfg = DebugFast|Win32
		{A24858AF-8B79-4391-ACF3-2E7A2B630BD1}.DebugFast.Build.0 = DebugFast|Win32
		{A24858AF-8B79-4391-ACF3-2E7A2B630BD1}.Release.ActiveCfg = Release|Win32
		{A24858AF-8B79-4391-ACF3-2E7A2B630BD1}.Release.Build.0 = Release|Win32
		{A24858AF-8B79-4391-ACF3-2E7A2B630BD1}.ReleaseDebug.ActiveCfg = ReleaseDebug|Win32
		{A24858AF-8B79-4391-ACF3-2E7A2B630BD1}.ReleaseDebug.Build.0 = ReleaseDebug|Win32
		{1D9576F6-3321-4036-8C86-B5361CCCD4FB}.Debug.ActiveCfg = Debug|Win32
		{1D9576F6-3321-4036-8C86-B5361CCCD4FB}.Debug.Build.0 = Debug|Win32
		{1D9576F6-3321-4036-8C86-B5361CCCD4FB}.DebugFast.ActiveCfg = DebugFast|Win32
		{1D9576F6-3321-4036-8C86-B5361CCCD4FB}.DebugFast.Build.0 = DebugFast|Win32
		{1D9576F6-3321-4036-8C86-B5361CCCD4FB}.Release.ActiveCfg = Release|Win32
		{1D9576F6-3321-4036-8C86-B5361CCCD4FB}.Release.Build.0 = Release|Win32
		{1D9576F6-3321-4036-8C86-B5361CCCD4FB}.ReleaseDebug.ActiveCfg = ReleaseDebug|Win32
		{1D9576F6-3321-4036-8C86-B5361CCCD4FB}.ReleaseDebug.Build.0 = ReleaseDebug|Win32
		{AE9529CA-CA90-44D0-ADDA-6B26CD945FFF}.Debug.ActiveCfg = Debug|Win32
		{AE9529CA-CA90-44D0-ADDA-6B26CD945FFF}.Debug.Build.0 = Debug|Win32
		{AE9529CA-CA90-44D0-ADDA-6B26CD945FFF}.DebugFast.ActiveCfg = DebugFast|Win32
		{AE9529CA-CA90-44D0-ADDA-6B26CD945FFF}.DebugFast.Build.0 = DebugFast|Win32
		{AE9529CA-CA90-44D0-ADDA-6B26CD945FFF}.Release.ActiveCfg = Release|Win32
		{AE9529CA-CA90-44D0-ADDA-6B26CD945FFF}.Release.Build.0 = Release|Win32
		{AE9529CA-CA90-44D0-ADDA-6B26CD945FFF}.ReleaseDebug.ActiveCfg = ReleaseDebug|Win32
		{AE9529CA-CA90-44D0-ADDA-6B26CD945FFF}.ReleaseDebug.Build.0 = ReleaseDebug|Win32
		{1AD4E754-28E2-4CC5-9DE2-39FED28968E9}.Debug.ActiveCfg = Debug|Win32
		{1AD4E754-28E2-4CC5-9DE2-39FED28968E9}.Debug.Build.0 = Debug|Win32
		{1AD4E754-28E2-4CC5-9DE2-39FED28968E9}.DebugFast.ActiveCfg = DebugFast|Win32
		{1AD4E754-28E2-4CC5-9DE2-39FED28968E9}.DebugFast.Build.0 = DebugFast|Win32
		{1AD4E754-28E2-4CC5-9DE2-39FED28968E9}.Release.ActiveCfg = Release|Win32
		{1AD4E754-28E2-4CC5-9DE2-39FED28968E9}.Release.Build.0 = Release|Win32
		{1AD4E754-28E2-4CC5-9DE2-39FED28968E9}.ReleaseDebug.ActiveCfg = ReleaseDebug|Win32
		{1AD4E754-28E2-4CC5-9DE2-39FED28968E9}.ReleaseDebug.Build.0 = ReleaseDebug|Win32
		{F7DCD49B-CF88-4DAF-89B9-1E9E305ABCC9}.Debug.ActiveCfg = Debug|Win32
		{F7DCD49B-CF88-4DAF-89B9-1E9E305ABCC9}.Debug.Build.0 = Debug|Win32
		{F7DCD49B-CF88-4DAF-89B9-1E9E305ABCC9}.DebugFast.ActiveCfg = DebugFast|Win32
		{F7DCD49B-CF88-4DAF-89B9-1E9E305ABCC9}.DebugFast.Build.0 = DebugFast|Win32
		{F7DCD49B-CF88-4DAF-89B9-1E9E305ABCC9}.Release.ActiveCfg = Release|Win32
		{F7DCD49B-CF88-4DAF-89B9-1E9E305ABCC9}.Release.Build.0 = Release|Win32
		{F7DCD49B-CF88-4DAF-89B9-1E9E305ABCC9}.ReleaseDebug.ActiveCfg = ReleaseDebug|Win32
		{F7DCD49B-CF88-4DAF-89B9-1E9E305ABCC9}.ReleaseDebug.Build.0 = ReleaseDebug|Win32
		{677BC1CC-16C7-42A5-AF83-0EECC0120797}.Debug.ActiveCfg = Debug|Win32
		{677BC1CC-16C7-42A5-AF83-0EECC0120797}.Debug.Build.0 = Debug|Win32
		{677BC1CC-16C7-42A5-AF83-0EECC0120797}.DebugFast.ActiveCfg = DebugFast|Win32
		{677BC1CC-16C7-42A5-AF83-0EECC0120797}.DebugFast.Build.0 = DebugFast|Win32
		{677BC1CC-16C7-42A5-AF83-0EECC0120797}.Release.ActiveCfg = Release|Win32
		{677BC1CC-16C7-42A5-AF83-0EECC0120797}.Release.Build.0 = Release|Win32
		{677BC1CC-16C7-42A5-AF83-0EECC0120797}.ReleaseDebug.ActiveCfg = ReleaseDebug|Win32
		{677BC1CC-16C7-42A5-AF83-0EECC0120797}.ReleaseDebug.Build.0 = ReleaseDebug|Win32
		{948310FC-432E-4BDA-B874-F37807FCDFCE}.Debug.ActiveCfg = Debug|Win32
		{948310FC-432E-4BDA-B874-F37807FCDFCE}.Debug.Build.0 = Debug|Win32
		{948310FC-432E-4BDA-B874-F37807FCDFCE}.DebugFast.ActiveCfg = Debug|Win32
		{948310FC-432E-4BDA-B874-F37807FCDFCE}.DebugFast.Build.0 = Debug|Win32
		{948310FC-432E-4BDA-B874-F37807FCDFCE}.Release.ActiveCfg = Release|Win32
		{948310FC-432E-4BDA-B874-F37807FCDFCE}.Release.Build.0 = Release|Win32
		{948310FC-432E-4BDA-B874-F37807FCDFCE}.ReleaseDebug.ActiveCfg = ReleaseDebug|Win32
		{948310FC-432E-4BDA-B874-F37807FCDFCE}.ReleaseDebug.Build.0 = ReleaseDebug|Win32
		{9D479638-66E6-40C1-8236-1CD322D8EAC3}.Debug.ActiveCfg = Debug|Win32
		{9D479638-66E6-40C1-8236-1CD322D8EAC3}.DebugFast.ActiveCfg = Debug|Win32
		{9D479638-66E6-40C1-8236-1CD322D8EAC3}.DebugFast.Build.0 = Debug|Win32
		{9D479638-66E6-40C1-8236-1CD322D8EAC3}.Release.ActiveCfg = Release|Win32
		{9D479638-66E6-40C1-8236-1CD322D8EAC3}.Release.Build.0 = Release|Win32
		{9D479638-66E6-40C1-8236-1CD322D8EAC3}.ReleaseDebug.ActiveCfg = Release|Win32
		{5E0B5AF1-395B-429C-8878-5836C25F8D8A}.Debug.ActiveCfg = Debug|Win32
		{5E0B5AF1-395B-429C-8878-5836C25F8D8A}.Debug.Build.0 = Debug|Win32
		{5E0B5AF1-395B-429C-8878-5836C25F8D8A}.DebugFast.ActiveCfg = Debug|Win32
		{5E0B5AF1-395B-429C-8878-5836C25F8D8A}.DebugFast.Build.0 = Debug|Win32
		{5E0B5AF1-395B-429C-8878-5836C25F8D8A}.Release.ActiveCfg = Release|Win32
		{5E0B5AF1-395B-429C-8878-5836C25F8D8A}.Release.Build.0 = Release|Win32
		{5E0B5AF1-395B-429C-8878-5836C25F8D8A}.ReleaseDebug.ActiveCfg = Release|Win32
		{5E0B5AF1-395B-429C-8878-5836C25F8D8A}.ReleaseDebug.Build.0 = Release|Win32
	EndGlobalSection
	GlobalSection(ExtensibilityGlobals) = postSolution
	EndGlobalSection
	GlobalSection(ExtensibilityAddIns) = postSolution
	EndGlobalSection
EndGlobal
