Microsoft Visual Studio Solution File, Format Version 8.00
Project("{8BC9CEB8-8B4A-11D0-8D11-00A0C91BC942}") = "Basic", "Basic\Basic.vcproj", "{F99F5A70-96A7-434F-834A-A91D91E0E45A}"
	ProjectSection(ProjectDependencies) = postProject
	EndProjectSection
EndProject
Project("{8BC9CEB8-8B4A-11D0-8D11-00A0C91BC942}") = "3d", "..\..\..\..\code\nel\src\3d.vcproj", "{2B48BE83-108B-4E8E-8A55-6627CF09AC5A}"
	ProjectSection(ProjectDependencies) = postProject
	EndProjectSection
EndProject
Project("{8BC9CEB8-8B4A-11D0-8D11-00A0C91BC942}") = "misc", "..\..\..\..\code\nel\src\misc.vcproj", "{44B21233-EFCC-4825-B5E5-3A3BD6CC5516}"
	ProjectSection(ProjectDependencies) = postProject
	EndProjectSection
EndProject
Global
	GlobalSection(SolutionConfiguration) = preSolution
		Debug = Debug
		DebugFast = DebugFast
		Release = Release
		ReleaseDebug = ReleaseDebug
	EndGlobalSection
	GlobalSection(ProjectConfiguration) = postSolution
		{F99F5A70-96A7-434F-834A-A91D91E0E45A}.Debug.ActiveCfg = Debug|Win32
		{F99F5A70-96A7-434F-834A-A91D91E0E45A}.Debug.Build.0 = Debug|Win32
		{F99F5A70-96A7-434F-834A-A91D91E0E45A}.DebugFast.ActiveCfg = Debug|Win32
		{F99F5A70-96A7-434F-834A-A91D91E0E45A}.DebugFast.Build.0 = Debug|Win32
		{F99F5A70-96A7-434F-834A-A91D91E0E45A}.Release.ActiveCfg = Release|Win32
		{F99F5A70-96A7-434F-834A-A91D91E0E45A}.Release.Build.0 = Release|Win32
		{F99F5A70-96A7-434F-834A-A91D91E0E45A}.ReleaseDebug.ActiveCfg = ReleaseDebug|Win32
		{F99F5A70-96A7-434F-834A-A91D91E0E45A}.ReleaseDebug.Build.0 = ReleaseDebug|Win32
		{2B48BE83-108B-4E8E-8A55-6627CF09AC5A}.Debug.ActiveCfg = Debug|Win32
		{2B48BE83-108B-4E8E-8A55-6627CF09AC5A}.DebugFast.ActiveCfg = DebugFast|Win32
		{2B48BE83-108B-4E8E-8A55-6627CF09AC5A}.Release.ActiveCfg = Release|Win32
		{2B48BE83-108B-4E8E-8A55-6627CF09AC5A}.ReleaseDebug.ActiveCfg = ReleaseDebug|Win32
		{44B21233-EFCC-4825-B5E5-3A3BD6CC5516}.Debug.ActiveCfg = Debug|Win32
		{44B21233-EFCC-4825-B5E5-3A3BD6CC5516}.DebugFast.ActiveCfg = DebugFast|Win32
		{44B21233-EFCC-4825-B5E5-3A3BD6CC5516}.Release.ActiveCfg = Release|Win32
		{44B21233-EFCC-4825-B5E5-3A3BD6CC5516}.ReleaseDebug.ActiveCfg = ReleaseDebug|Win32
	EndGlobalSection
	GlobalSection(ExtensibilityGlobals) = postSolution
	EndGlobalSection
	GlobalSection(ExtensibilityAddIns) = postSolution
	EndGlobalSection
EndGlobal
