Microsoft Visual Studio Solution File, Format Version 8.00
Project("{8BC9CEB8-8B4A-11D0-8D11-00A0C91BC942}") = "NeLExporter", "NeLExporter.vcproj", "{BF819B36-9776-4581-AEF6-4B2CC5BD93B9}"
	ProjectSection(ProjectDependencies) = postProject
	EndProjectSection
EndProject
Global
	GlobalSection(SolutionConfiguration) = preSolution
		Debug 2008 = Debug 2008
		Debug 8.5 = Debug 8.5
		Release 2008 = Release 2008
		Release 8.5 = Release 8.5
	EndGlobalSection
	GlobalSection(ProjectConfiguration) = postSolution
		{BF819B36-9776-4581-AEF6-4B2CC5BD93B9}.Debug 2008.ActiveCfg = Debug 2008|Win32
		{BF819B36-9776-4581-AEF6-4B2CC5BD93B9}.Debug 2008.Build.0 = Debug 2008|Win32
		{BF819B36-9776-4581-AEF6-4B2CC5BD93B9}.Debug 8.5.ActiveCfg = Debug 8.5|Win32
		{BF819B36-9776-4581-AEF6-4B2CC5BD93B9}.Debug 8.5.Build.0 = Debug 8.5|Win32
		{BF819B36-9776-4581-AEF6-4B2CC5BD93B9}.Release 2008.ActiveCfg = Release 2008|Win32
		{BF819B36-9776-4581-AEF6-4B2CC5BD93B9}.Release 2008.Build.0 = Release 2008|Win32
		{BF819B36-9776-4581-AEF6-4B2CC5BD93B9}.Release 8.5.ActiveCfg = Release 8.5|Win32
		{BF819B36-9776-4581-AEF6-4B2CC5BD93B9}.Release 8.5.Build.0 = Release 8.5|Win32
	EndGlobalSection
	GlobalSection(ExtensibilityGlobals) = postSolution
	EndGlobalSection
	GlobalSection(ExtensibilityAddIns) = postSolution
	EndGlobalSection
EndGlobal
